schema: '2.0'
stages:
  data_ingestion:
    cmd: python src/data/data_ingestion.py
    deps:
    - path: src/data/data_ingestion.py
      hash: md5
      md5: ade6a6469b4e8ce6064f82f75f4385e9
      size: 1020
    outs:
    - path: data/raw/Zomato-Dataset.csv
      hash: md5
      md5: a732ab879bba5f3a9b66a620d299069e
      size: 6371825
  data_cleaning:
    cmd: python src/data/data_cleaning.py
    deps:
    - path: data/raw/Zomato-Dataset.csv
      hash: md5
      md5: a732ab879bba5f3a9b66a620d299069e
      size: 6371825
    - path: src/data/data_cleaning.py
      hash: md5
      md5: 028dcf7c6b70a41284c31ef51ef62bca
      size: 9701
    outs:
    - path: data/processed/food_delivery_cleaned.csv
      hash: md5
      md5: e1275eb6013ad3fe84bd0c70dd0fc22f
      size: 3792895
  data_preprocessing:
    cmd: python src/features/data_preprocessing.py
    deps:
    - path: data/processed/train.csv
      hash: md5
      md5: c2b2724f857109858056d7dc824d8249
      size: 3031726
    - path: src/features/data_preprocessing.py
      hash: md5
      md5: 032e2bbb3e7e63960abdb7d45763f151
      size: 4177
    outs:
    - path: artifacts/preprocessor.pkl
      hash: md5
      md5: f3739bd393f7fcd90ade1755c3636f45
      size: 6929
  feature_selection:
    cmd: python src/features/feature_selection.py
    deps:
    - path: data/cleaned/zomato_cleaned.csv
      hash: md5
      md5: 628b17d1a1e46bbd583a022a0d2d6e83
      size: 8095173
    - path: src/features/feature_selection.py
      hash: md5
      md5: af92b8725f492734b85cc4b844ccd62a
      size: 2280
    outs:
    - path: data/interim/food_delivery_interim.csv
      hash: md5
      md5: 9e75f43e6610bd5f8f5f4f9c35da5ff7
      size: 3861577
  data_splitting:
    cmd: python src/features/data_splitting.py
    deps:
    - path: data/processed/food_delivery_cleaned.csv
      hash: md5
      md5: e1275eb6013ad3fe84bd0c70dd0fc22f
      size: 3792895
    - path: params.yaml
      hash: md5
      md5: aca69e0824e047d6d37c0dd0a4a68b5c
      size: 935
    - path: src/features/data_splitting.py
      hash: md5
      md5: ebaef9d9a5ac910843809a6be4da2249
      size: 3274
    outs:
    - path: data/processed/test.csv
      hash: md5
      md5: 7a7829a736286c1a3bac7e241567ffcc
      size: 758528
    - path: data/processed/train.csv
      hash: md5
      md5: c2b2724f857109858056d7dc824d8249
      size: 3031726
  model_training:
    cmd: python src/models/model_training.py
    deps:
    - path: artifacts/preprocessor.pkl
      hash: md5
      md5: f3739bd393f7fcd90ade1755c3636f45
      size: 6929
    - path: data/processed/train.csv
      hash: md5
      md5: c2b2724f857109858056d7dc824d8249
      size: 3031726
    - path: params.yaml
      hash: md5
      md5: aca69e0824e047d6d37c0dd0a4a68b5c
      size: 935
    - path: src/models/model_training.py
      hash: md5
      md5: 78b7c92a3d536ee7d2aa32f0fc2f0a2e
      size: 9159
    outs:
    - path: models/stacking_cat_rf_pipeline.joblib
      hash: md5
      md5: c849db45e244d01ab5bb557dee8f39be
      size: 120353806
  model_evaluation:
    cmd: python src/models/model_evaluation.py
    deps:
    - path: data/processed/test.csv
      hash: md5
      md5: 7a7829a736286c1a3bac7e241567ffcc
      size: 758528
    - path: data/processed/train.csv
      hash: md5
      md5: c2b2724f857109858056d7dc824d8249
      size: 3031726
    - path: models/stacking_cat_rf_pipeline.joblib
      hash: md5
      md5: c849db45e244d01ab5bb557dee8f39be
      size: 120353806
    - path: src/models/model_evaluation.py
      hash: md5
      md5: 6b9d4ebfa7107a8764431a3b95e465fa
      size: 8218
    outs:
    - path: reports/metrics.json
      hash: md5
      md5: 7f749bbc7fb2488c7e677db9486312f2
      size: 995
  model_diagnostics:
    cmd: python src/models/model_diagnostics.py
    deps:
    - path: data/processed/test.csv
      hash: md5
      md5: 7a7829a736286c1a3bac7e241567ffcc
      size: 758528
    - path: models/stacking_cat_rf_pipeline.joblib
      hash: md5
      md5: c849db45e244d01ab5bb557dee8f39be
      size: 120353806
    - path: params.yaml
      hash: md5
      md5: aca69e0824e047d6d37c0dd0a4a68b5c
      size: 935
    - path: src/models/model_diagnostics.py
      hash: md5
      md5: 88c5bcbe2eb52bedc154fe77c9644dd3
      size: 8013
    outs:
    - path: reports/diagnostics
      hash: md5
      md5: c926230c6653f70df4146c598171ff28.dir
      size: 106207
      nfiles: 1
    - path: reports/diagnostics_metrics.json
      hash: md5
      md5: 9964aa601768b8d1f6135d057836c2a9
      size: 129
