schema: '2.0'
stages:
  data_ingestion:
    cmd: python src/data/data_ingestion.py
    deps:
    - path: src/data/data_ingestion.py
      hash: md5
      md5: ade6a6469b4e8ce6064f82f75f4385e9
      size: 1020
    outs:
    - path: data/raw/Zomato-Dataset.csv
      hash: md5
      md5: a732ab879bba5f3a9b66a620d299069e
      size: 6371825
  data_cleaning:
    cmd: python src/data/data_cleaning.py
    deps:
    - path: data/raw/Zomato-Dataset.csv
      hash: md5
      md5: a732ab879bba5f3a9b66a620d299069e
      size: 6371825
    - path: src/data/data_cleaning.py
      hash: md5
      md5: db8c70b71896d030cde9f60bedaf4b84
      size: 7960
    outs:
    - path: data/cleaned/zomato_cleaned.csv
      hash: md5
      md5: 15c7af6bea059dcddb4ca9826547d361
      size: 8070283
